// !$*UTF8*$!
{
	archiveVersion = 1;
	classes = {
	};
	objectVersion = 50;
	objects = {

/* Begin PBXBuildFile section */
		F5F4430B23EF026300EDF749 /* AppDelegate.swift in Sources */ = {isa = PBXBuildFile; fileRef = F5F4430A23EF026300EDF749 /* AppDelegate.swift */; };
		F5F4430D23EF026300EDF749 /* SceneDelegate.swift in Sources */ = {isa = PBXBuildFile; fileRef = F5F4430C23EF026300EDF749 /* SceneDelegate.swift */; };
		F5F4431023EF026300EDF749 /* DemoSwiftUI.xcdatamodeld in Sources */ = {isa = PBXBuildFile; fileRef = F5F4430E23EF026300EDF749 /* DemoSwiftUI.xcdatamodeld */; };
		F5F4431223EF026300EDF749 /* ContentView.swift in Sources */ = {isa = PBXBuildFile; fileRef = F5F4431123EF026300EDF749 /* ContentView.swift */; };
		F5F4431423EF026E00EDF749 /* Assets.xcassets in Resources */ = {isa = PBXBuildFile; fileRef = F5F4431323EF026E00EDF749 /* Assets.xcassets */; };
		F5F4431723EF026E00EDF749 /* Preview Assets.xcassets in Resources */ = {isa = PBXBuildFile; fileRef = F5F4431623EF026E00EDF749 /* Preview Assets.xcassets */; };
		F5F4431A23EF026E00EDF749 /* LaunchScreen.storyboard in Resources */ = {isa = PBXBuildFile; fileRef = F5F4431823EF026E00EDF749 /* LaunchScreen.storyboard */; };
		F5F4432523EF026F00EDF749 /* DemoSwiftUITests.swift in Sources */ = {isa = PBXBuildFile; fileRef = F5F4432423EF026F00EDF749 /* DemoSwiftUITests.swift */; };
		F5F4433023EF026F00EDF749 /* DemoSwiftUIUITests.swift in Sources */ = {isa = PBXBuildFile; fileRef = F5F4432F23EF026F00EDF749 /* DemoSwiftUIUITests.swift */; };
/* End PBXBuildFile section */

/* Begin PBXContainerItemProxy section */
		F5F4432123EF026F00EDF749 /* PBXContainerItemProxy */ = {
			isa = PBXContainerItemProxy;
			containerPortal = F5F442FF23EF026200EDF749 /* Project object */;
			proxyType = 1;
			remoteGlobalIDString = F5F4430623EF026300EDF749;
			remoteInfo = DemoSwiftUI;
		};
		F5F4432C23EF026F00EDF749 /* PBXContainerItemProxy */ = {
			isa = PBXContainerItemProxy;
			containerPortal = F5F442FF23EF026200EDF749 /* Project object */;
			proxyType = 1;
			remoteGlobalIDString = F5F4430623EF026300EDF749;
			remoteInfo = DemoSwiftUI;
		};
/* End PBXContainerItemProxy section */

/* Begin PBXFileReference section */
		F5F4430723EF026300EDF749 /* DemoSwiftUI.app */ = {isa = PBXFileReference; explicitFileType = wrapper.application; includeInIndex = 0; path = DemoSwiftUI.app; sourceTree = BUILT_PRODUCTS_DIR; };
		F5F4430A23EF026300EDF749 /* AppDelegate.swift */ = {isa = PBXFileReference; lastKnownFileType = sourcecode.swift; path = AppDelegate.swift; sourceTree = "<group>"; };
		F5F4430C23EF026300EDF749 /* SceneDelegate.swift */ = {isa = PBXFileReference; lastKnownFileType = sourcecode.swift; path = SceneDelegate.swift; sourceTree = "<group>"; };
		F5F4430F23EF026300EDF749 /* DemoSwiftUI.xcdatamodel */ = {isa = PBXFileReference; lastKnownFileType = wrapper.xcdatamodel; path = DemoSwiftUI.xcdatamodel; sourceTree = "<group>"; };
		F5F4431123EF026300EDF749 /* ContentView.swift */ = {isa = PBXFileReference; lastKnownFileType = sourcecode.swift; path = ContentView.swift; sourceTree = "<group>"; };
		F5F4431323EF026E00EDF749 /* Assets.xcassets */ = {isa = PBXFileReference; lastKnownFileType = folder.assetcatalog; path = Assets.xcassets; sourceTree = "<group>"; };
		F5F4431623EF026E00EDF749 /* Preview Assets.xcassets */ = {isa = PBXFileReference; lastKnownFileType = folder.assetcatalog; path = "Preview Assets.xcassets"; sourceTree = "<group>"; };
		F5F4431923EF026E00EDF749 /* Base */ = {isa = PBXFileReference; lastKnownFileType = file.storyboard; name = Base; path = Base.lproj/LaunchScreen.storyboard; sourceTree = "<group>"; };
		F5F4431B23EF026E00EDF749 /* Info.plist */ = {isa = PBXFileReference; lastKnownFileType = text.plist.xml; path = Info.plist; sourceTree = "<group>"; };
		F5F4432023EF026F00EDF749 /* DemoSwiftUITests.xctest */ = {isa = PBXFileReference; explicitFileType = wrapper.cfbundle; includeInIndex = 0; path = DemoSwiftUITests.xctest; sourceTree = BUILT_PRODUCTS_DIR; };
		F5F4432423EF026F00EDF749 /* DemoSwiftUITests.swift */ = {isa = PBXFileReference; lastKnownFileType = sourcecode.swift; path = DemoSwiftUITests.swift; sourceTree = "<group>"; };
		F5F4432623EF026F00EDF749 /* Info.plist */ = {isa = PBXFileReference; lastKnownFileType = text.plist.xml; path = Info.plist; sourceTree = "<group>"; };
		F5F4432B23EF026F00EDF749 /* DemoSwiftUIUITests.xctest */ = {isa = PBXFileReference; explicitFileType = wrapper.cfbundle; includeInIndex = 0; path = DemoSwiftUIUITests.xctest; sourceTree = BUILT_PRODUCTS_DIR; };
		F5F4432F23EF026F00EDF749 /* DemoSwiftUIUITests.swift */ = {isa = PBXFileReference; lastKnownFileType = sourcecode.swift; path = DemoSwiftUIUITests.swift; sourceTree = "<group>"; };
		F5F4433123EF026F00EDF749 /* Info.plist */ = {isa = PBXFileReference; lastKnownFileType = text.plist.xml; path = Info.plist; sourceTree = "<group>"; };
/* End PBXFileReference section */

/* Begin PBXFrameworksBuildPhase section */
		F5F4430423EF026300EDF749 /* Frameworks */ = {
			isa = PBXFrameworksBuildPhase;
			buildActionMask = 2147483647;
			files = (
			);
			runOnlyForDeploymentPostprocessing = 0;
		};
		F5F4431D23EF026F00EDF749 /* Frameworks */ = {
			isa = PBXFrameworksBuildPhase;
			buildActionMask = 2147483647;
			files = (
			);
			runOnlyForDeploymentPostprocessing = 0;
		};
		F5F4432823EF026F00EDF749 /* Frameworks */ = {
			isa = PBXFrameworksBuildPhase;
			buildActionMask = 2147483647;
			files = (
			);
			runOnlyForDeploymentPostprocessing = 0;
		};
/* End PBXFrameworksBuildPhase section */

/* Begin PBXGroup section */
		F5F442FE23EF026200EDF749 = {
			isa = PBXGroup;
			children = (
				F5F4430923EF026300EDF749 /* DemoSwiftUI */,
				F5F4432323EF026F00EDF749 /* DemoSwiftUITests */,
				F5F4432E23EF026F00EDF749 /* DemoSwiftUIUITests */,
				F5F4430823EF026300EDF749 /* Products */,
			);
			sourceTree = "<group>";
		};
		F5F4430823EF026300EDF749 /* Products */ = {
			isa = PBXGroup;
			children = (
				F5F4430723EF026300EDF749 /* DemoSwiftUI.app */,
				F5F4432023EF026F00EDF749 /* DemoSwiftUITests.xctest */,
				F5F4432B23EF026F00EDF749 /* DemoSwiftUIUITests.xctest */,
			);
			name = Products;
			sourceTree = "<group>";
		};
		F5F4430923EF026300EDF749 /* DemoSwiftUI */ = {
			isa = PBXGroup;
			children = (
				F5F4430A23EF026300EDF749 /* AppDelegate.swift */,
				F5F4430C23EF026300EDF749 /* SceneDelegate.swift */,
				F5F4431123EF026300EDF749 /* ContentView.swift */,
				F5F4431323EF026E00EDF749 /* Assets.xcassets */,
				F5F4431823EF026E00EDF749 /* LaunchScreen.storyboard */,
				F5F4431B23EF026E00EDF749 /* Info.plist */,
				F5F4430E23EF026300EDF749 /* DemoSwiftUI.xcdatamodeld */,
				F5F4431523EF026E00EDF749 /* Preview Content */,
			);
			path = DemoSwiftUI;
			sourceTree = "<group>";
		};
		F5F4431523EF026E00EDF749 /* Preview Content */ = {
			isa = PBXGroup;
			children = (
				F5F4431623EF026E00EDF749 /* Preview Assets.xcassets */,
			);
			path = "Preview Content";
			sourceTree = "<group>";
		};
		F5F4432323EF026F00EDF749 /* DemoSwiftUITests */ = {
			isa = PBXGroup;
			children = (
				F5F4432423EF026F00EDF749 /* DemoSwiftUITests.swift */,
				F5F4432623EF026F00EDF749 /* Info.plist */,
			);
			path = DemoSwiftUITests;
			sourceTree = "<group>";
		};
		F5F4432E23EF026F00EDF749 /* DemoSwiftUIUITests */ = {
			isa = PBXGroup;
			children = (
				F5F4432F23EF026F00EDF749 /* DemoSwiftUIUITests.swift */,
				F5F4433123EF026F00EDF749 /* Info.plist */,
			);
			path = DemoSwiftUIUITests;
			sourceTree = "<group>";
		};
/* End PBXGroup section */

/* Begin PBXNativeTarget section */
		F5F4430623EF026300EDF749 /* DemoSwiftUI */ = {
			isa = PBXNativeTarget;
			buildConfigurationList = F5F4433423EF026F00EDF749 /* Build configuration list for PBXNativeTarget "DemoSwiftUI" */;
			buildPhases = (
				F5F4430323EF026300EDF749 /* Sources */,
				F5F4430423EF026300EDF749 /* Frameworks */,
				F5F4430523EF026300EDF749 /* Resources */,
			);
			buildRules = (
			);
			dependencies = (
			);
			name = DemoSwiftUI;
			productName = DemoSwiftUI;
			productReference = F5F4430723EF026300EDF749 /* DemoSwiftUI.app */;
			productType = "com.apple.product-type.application";
		};
		F5F4431F23EF026F00EDF749 /* DemoSwiftUITests */ = {
			isa = PBXNativeTarget;
			buildConfigurationList = F5F4433723EF026F00EDF749 /* Build configuration list for PBXNativeTarget "DemoSwiftUITests" */;
			buildPhases = (
				F5F4431C23EF026F00EDF749 /* Sources */,
				F5F4431D23EF026F00EDF749 /* Frameworks */,
				F5F4431E23EF026F00EDF749 /* Resources */,
			);
			buildRules = (
			);
			dependencies = (
				F5F4432223EF026F00EDF749 /* PBXTargetDependency */,
			);
			name = DemoSwiftUITests;
			productName = DemoSwiftUITests;
			productReference = F5F4432023EF026F00EDF749 /* DemoSwiftUITests.xctest */;
			productType = "com.apple.product-type.bundle.unit-test";
		};
		F5F4432A23EF026F00EDF749 /* DemoSwiftUIUITests */ = {
			isa = PBXNativeTarget;
			buildConfigurationList = F5F4433A23EF026F00EDF749 /* Build configuration list for PBXNativeTarget "DemoSwiftUIUITests" */;
			buildPhases = (
				F5F4432723EF026F00EDF749 /* Sources */,
				F5F4432823EF026F00EDF749 /* Frameworks */,
				F5F4432923EF026F00EDF749 /* Resources */,
			);
			buildRules = (
			);
			dependencies = (
				F5F4432D23EF026F00EDF749 /* PBXTargetDependency */,
			);
			name = DemoSwiftUIUITests;
			productName = DemoSwiftUIUITests;
			productReference = F5F4432B23EF026F00EDF749 /* DemoSwiftUIUITests.xctest */;
			productType = "com.apple.product-type.bundle.ui-testing";
		};
/* End PBXNativeTarget section */

/* Begin PBXProject section */
		F5F442FF23EF026200EDF749 /* Project object */ = {
			isa = PBXProject;
			attributes = {
				LastSwiftUpdateCheck = 1120;
				LastUpgradeCheck = 1120;
				ORGANIZATIONNAME = iOSApps;
				TargetAttributes = {
					F5F4430623EF026300EDF749 = {
						CreatedOnToolsVersion = 11.2.1;
					};
					F5F4431F23EF026F00EDF749 = {
						CreatedOnToolsVersion = 11.2.1;
						TestTargetID = F5F4430623EF026300EDF749;
					};
					F5F4432A23EF026F00EDF749 = {
						CreatedOnToolsVersion = 11.2.1;
						TestTargetID = F5F4430623EF026300EDF749;
					};
				};
			};
			buildConfigurationList = F5F4430223EF026200EDF749 /* Build configuration list for PBXProject "DemoSwiftUI" */;
			compatibilityVersion = "Xcode 9.3";
			developmentRegion = en;
			hasScannedForEncodings = 0;
			knownRegions = (
				en,
				Base,
			);
			mainGroup = F5F442FE23EF026200EDF749;
			productRefGroup = F5F4430823EF026300EDF749 /* Products */;
			projectDirPath = "";
			projectRoot = "";
			targets = (
				F5F4430623EF026300EDF749 /* DemoSwiftUI */,
				F5F4431F23EF026F00EDF749 /* DemoSwiftUITests */,
				F5F4432A23EF026F00EDF749 /* DemoSwiftUIUITests */,
			);
		};
/* End PBXProject section */

/* Begin PBXResourcesBuildPhase section */
		F5F4430523EF026300EDF749 /* Resources */ = {
			isa = PBXResourcesBuildPhase;
			buildActionMask = 2147483647;
			files = (
				F5F4431A23EF026E00EDF749 /* LaunchScreen.storyboard in Resources */,
				F5F4431723EF026E00EDF749 /* Preview Assets.xcassets in Resources */,
				F5F4431423EF026E00EDF749 /* Assets.xcassets in Resources */,
			);
			runOnlyForDeploymentPostprocessing = 0;
		};
		F5F4431E23EF026F00EDF749 /* Resources */ = {
			isa = PBXResourcesBuildPhase;
			buildActionMask = 2147483647;
			files = (
			);
			runOnlyForDeploymentPostprocessing = 0;
		};
		F5F4432923EF026F00EDF749 /* Resources */ = {
			isa = PBXResourcesBuildPhase;
			buildActionMask = 2147483647;
			files = (
			);
			runOnlyForDeploymentPostprocessing = 0;
		};
/* End PBXResourcesBuildPhase section */

/* Begin PBXSourcesBuildPhase section */
		F5F4430323EF026300EDF749 /* Sources */ = {
			isa = PBXSourcesBuildPhase;
			buildActionMask = 2147483647;
			files = (
				F5F4431023EF026300EDF749 /* DemoSwiftUI.xcdatamodeld in Sources */,
				F5F4430B23EF026300EDF749 /* AppDelegate.swift in Sources */,
				F5F4431223EF026300EDF749 /* ContentView.swift in Sources */,
				F5F4430D23EF026300EDF749 /* SceneDelegate.swift in Sources */,
			);
			runOnlyForDeploymentPostprocessing = 0;
		};
		F5F4431C23EF026F00EDF749 /* Sources */ = {
			isa = PBXSourcesBuildPhase;
			buildActionMask = 2147483647;
			files = (
				F5F4432523EF026F00EDF749 /* DemoSwiftUITests.swift in Sources */,
			);
			runOnlyForDeploymentPostprocessing = 0;
		};
		F5F4432723EF026F00EDF749 /* Sources */ = {
			isa = PBXSourcesBuildPhase;
			buildActionMask = 2147483647;
			files = (
				F5F4433023EF026F00EDF749 /* DemoSwiftUIUITests.swift in Sources */,
			);
			runOnlyForDeploymentPostprocessing = 0;
		};
/* End PBXSourcesBuildPhase section */

/* Begin PBXTargetDependency section */
		F5F4432223EF026F00EDF749 /* PBXTargetDependency */ = {
			isa = PBXTargetDependency;
			target = F5F4430623EF026300EDF749 /* DemoSwiftUI */;
			targetProxy = F5F4432123EF026F00EDF749 /* PBXContainerItemProxy */;
		};
		F5F4432D23EF026F00EDF749 /* PBXTargetDependency */ = {
			isa = PBXTargetDependency;
			target = F5F4430623EF026300EDF749 /* DemoSwiftUI */;
			targetProxy = F5F4432C23EF026F00EDF749 /* PBXContainerItemProxy */;
		};
/* End PBXTargetDependency section */

/* Begin PBXVariantGroup section */
		F5F4431823EF026E00EDF749 /* LaunchScreen.storyboard */ = {
			isa = PBXVariantGroup;
			children = (
				F5F4431923EF026E00EDF749 /* Base */,
			);
			name = LaunchScreen.storyboard;
			sourceTree = "<group>";
		};
/* End PBXVariantGroup section */

/* Begin XCBuildConfiguration section */
		F5F4433223EF026F00EDF749 /* Debug */ = {
			isa = XCBuildConfiguration;
			buildSettings = {
				ALWAYS_SEARCH_USER_PATHS = NO;
				CLANG_ANALYZER_NONNULL = YES;
				CLANG_ANALYZER_NUMBER_OBJECT_CONVERSION = YES_AGGRESSIVE;
				CLANG_CXX_LANGUAGE_STANDARD = "gnu++14";
				CLANG_CXX_LIBRARY = "libc++";
				CLANG_ENABLE_MODULES = YES;
				CLANG_ENABLE_OBJC_ARC = YES;
				CLANG_ENABLE_OBJC_WEAK = YES;
				CLANG_WARN_BLOCK_CAPTURE_AUTORELEASING = YES;
				CLANG_WARN_BOOL_CONVERSION = YES;
				CLANG_WARN_COMMA = YES;
				CLANG_WARN_CONSTANT_CONVERSION = YES;
				CLANG_WARN_DEPRECATED_OBJC_IMPLEMENTATIONS = YES;
				CLANG_WARN_DIRECT_OBJC_ISA_USAGE = YES_ERROR;
				CLANG_WARN_DOCUMENTATION_COMMENTS = YES;
				CLANG_WARN_EMPTY_BODY = YES;
				CLANG_WARN_ENUM_CONVERSION = YES;
				CLANG_WARN_INFINITE_RECURSION = YES;
				CLANG_WARN_INT_CONVERSION = YES;
				CLANG_WARN_NON_LITERAL_NULL_CONVERSION = YES;
				CLANG_WARN_OBJC_IMPLICIT_RETAIN_SELF = YES;
				CLANG_WARN_OBJC_LITERAL_CONVERSION = YES;
				CLANG_WARN_OBJC_ROOT_CLASS = YES_ERROR;
				CLANG_WARN_RANGE_LOOP_ANALYSIS = YES;
				CLANG_WARN_STRICT_PROTOTYPES = YES;
				CLANG_WARN_SUSPICIOUS_MOVE = YES;
				CLANG_WARN_UNGUARDED_AVAILABILITY = YES_AGGRESSIVE;
				CLANG_WARN_UNREACHABLE_CODE = YES;
				CLANG_WARN__DUPLICATE_METHOD_MATCH = YES;
				COPY_PHASE_STRIP = NO;
				DEBUG_INFORMATION_FORMAT = dwarf;
				ENABLE_STRICT_OBJC_MSGSEND = YES;
				ENABLE_TESTABILITY = YES;
				GCC_C_LANGUAGE_STANDARD = gnu11;
				GCC_DYNAMIC_NO_PIC = NO;
				GCC_NO_COMMON_BLOCKS = YES;
				GCC_OPTIMIZATION_LEVEL = 0;
				GCC_PREPROCESSOR_DEFINITIONS = (
					"DEBUG=1",
					"$(inherited)",
				);
				GCC_WARN_64_TO_32_BIT_CONVERSION = YES;
				GCC_WARN_ABOUT_RETURN_TYPE = YES_ERROR;
				GCC_WARN_UNDECLARED_SELECTOR = YES;
				GCC_WARN_UNINITIALIZED_AUTOS = YES_AGGRESSIVE;
				GCC_WARN_UNUSED_FUNCTION = YES;
				GCC_WARN_UNUSED_VARIABLE = YES;
				IPHONEOS_DEPLOYMENT_TARGET = 13.2;
				MTL_ENABLE_DEBUG_INFO = INCLUDE_SOURCE;
				MTL_FAST_MATH = YES;
				ONLY_ACTIVE_ARCH = YES;
				SDKROOT = iphoneos;
				SWIFT_ACTIVE_COMPILATION_CONDITIONS = DEBUG;
				SWIFT_OPTIMIZATION_LEVEL = "-Onone";
			};
			name = Debug;
		};
		F5F4433323EF026F00EDF749 /* Release */ = {
			isa = XCBuildConfiguration;
			buildSettings = {
				ALWAYS_SEARCH_USER_PATHS = NO;
				CLANG_ANALYZER_NONNULL = YES;
				CLANG_ANALYZER_NUMBER_OBJECT_CONVERSION = YES_AGGRESSIVE;
				CLANG_CXX_LANGUAGE_STANDARD = "gnu++14";
				CLANG_CXX_LIBRARY = "libc++";
				CLANG_ENABLE_MODULES = YES;
				CLANG_ENABLE_OBJC_ARC = YES;
				CLANG_ENABLE_OBJC_WEAK = YES;
				CLANG_WARN_BLOCK_CAPTURE_AUTORELEASING = YES;
				CLANG_WARN_BOOL_CONVERSION = YES;
				CLANG_WARN_COMMA = YES;
				CLANG_WARN_CONSTANT_CONVERSION = YES;
				CLANG_WARN_DEPRECATED_OBJC_IMPLEMENTATIONS = YES;
				CLANG_WARN_DIRECT_OBJC_ISA_USAGE = YES_ERROR;
				CLANG_WARN_DOCUMENTATION_COMMENTS = YES;
				CLANG_WARN_EMPTY_BODY = YES;
				CLANG_WARN_ENUM_CONVERSION = YES;
				CLANG_WARN_INFINITE_RECURSION = YES;
				CLANG_WARN_INT_CONVERSION = YES;
				CLANG_WARN_NON_LITERAL_NULL_CONVERSION = YES;
				CLANG_WARN_OBJC_IMPLICIT_RETAIN_SELF = YES;
				CLANG_WARN_OBJC_LITERAL_CONVERSION = YES;
				CLANG_WARN_OBJC_ROOT_CLASS = YES_ERROR;
				CLANG_WARN_RANGE_LOOP_ANALYSIS = YES;
				CLANG_WARN_STRICT_PROTOTYPES = YES;
				CLANG_WARN_SUSPICIOUS_MOVE = YES;
				CLANG_WARN_UNGUARDED_AVAILABILITY = YES_AGGRESSIVE;
				CLANG_WARN_UNREACHABLE_CODE = YES;
				CLANG_WARN__DUPLICATE_METHOD_MATCH = YES;
				COPY_PHASE_STRIP = NO;
				DEBUG_INFORMATION_FORMAT = "dwarf-with-dsym";
				ENABLE_NS_ASSERTIONS = NO;
				ENABLE_STRICT_OBJC_MSGSEND = YES;
				GCC_C_LANGUAGE_STANDARD = gnu11;
				GCC_NO_COMMON_BLOCKS = YES;
				GCC_WARN_64_TO_32_BIT_CONVERSION = YES;
				GCC_WARN_ABOUT_RETURN_TYPE = YES_ERROR;
				GCC_WARN_UNDECLARED_SELECTOR = YES;
				GCC_WARN_UNINITIALIZED_AUTOS = YES_AGGRESSIVE;
				GCC_WARN_UNUSED_FUNCTION = YES;
				GCC_WARN_UNUSED_VARIABLE = YES;
				IPHONEOS_DEPLOYMENT_TARGET = 13.2;
				MTL_ENABLE_DEBUG_INFO = NO;
				MTL_FAST_MATH = YES;
				SDKROOT = iphoneos;
				SWIFT_COMPILATION_MODE = wholemodule;
				SWIFT_OPTIMIZATION_LEVEL = "-O";
				VALIDATE_PRODUCT = YES;
			};
			name = Release;
		};
		F5F4433523EF026F00EDF749 /* Debug */ = {
			isa = XCBuildConfiguration;
			buildSettings = {
				ASSETCATALOG_COMPILER_APPICON_NAME = AppIcon;
				CODE_SIGN_STYLE = Automatic;
				DEVELOPMENT_ASSET_PATHS = "\"DemoSwiftUI/Preview Content\"";
				ENABLE_PREVIEWS = YES;
				INFOPLIST_FILE = DemoSwiftUI/Info.plist;
				LD_RUNPATH_SEARCH_PATHS = (
					"$(inherited)",
					"@executable_path/Frameworks",
				);
				PRODUCT_BUNDLE_IDENTIFIER = com.company.DemoSwiftUI;
				PRODUCT_NAME = "$(TARGET_NAME)";
				SWIFT_VERSION = 5.0;
				TARGETED_DEVICE_FAMILY = "1,2";
			};
			name = Debug;
		};
		F5F4433623EF026F00EDF749 /* Release */ = {
			isa = XCBuildConfiguration;
			buildSettings = {
				ASSETCATALOG_COMPILER_APPICON_NAME = AppIcon;
				CODE_SIGN_STYLE = Automatic;
				DEVELOPMENT_ASSET_PATHS = "\"DemoSwiftUI/Preview Content\"";
				ENABLE_PREVIEWS = YES;
				INFOPLIST_FILE = DemoSwiftUI/Info.plist;
				LD_RUNPATH_SEARCH_PATHS = (
					"$(inherited)",
					"@executable_path/Frameworks",
				);
				PRODUCT_BUNDLE_IDENTIFIER = com.company.DemoSwiftUI;
				PRODUCT_NAME = "$(TARGET_NAME)";
				SWIFT_VERSION = 5.0;
				TARGETED_DEVICE_FAMILY = "1,2";
			};
			name = Release;
		};
		F5F4433823EF026F00EDF749 /* Debug */ = {
			isa = XCBuildConfiguration;
			buildSettings = {
				ALWAYS_EMBED_SWIFT_STANDARD_LIBRARIES = YES;
				BUNDLE_LOADER = "$(TEST_HOST)";
				CODE_SIGN_STYLE = Automatic;
				INFOPLIST_FILE = DemoSwiftUITests/Info.plist;
				IPHONEOS_DEPLOYMENT_TARGET = 13.2;
				LD_RUNPATH_SEARCH_PATHS = (
					"$(inherited)",
					"@executable_path/Frameworks",
					"@loader_path/Frameworks",
				);
				PRODUCT_BUNDLE_IDENTIFIER = com.company.DemoSwiftUITests;
				PRODUCT_NAME = "$(TARGET_NAME)";
				SWIFT_VERSION = 5.0;
				TARGETED_DEVICE_FAMILY = "1,2";
				TEST_HOST = "$(BUILT_PRODUCTS_DIR)/DemoSwiftUI.app/DemoSwiftUI";
			};
			name = Debug;
		};
		F5F4433923EF026F00EDF749 /* Release */ = {
			isa = XCBuildConfiguration;
			buildSettings = {
				ALWAYS_EMBED_SWIFT_STANDARD_LIBRARIES = YES;
				BUNDLE_LOADER = "$(TEST_HOST)";
				CODE_SIGN_STYLE = Automatic;
				INFOPLIST_FILE = DemoSwiftUITests/Info.plist;
				IPHONEOS_DEPLOYMENT_TARGET = 13.2;
				LD_RUNPATH_SEARCH_PATHS = (
					"$(inherited)",
					"@executable_path/Frameworks",
					"@loader_path/Frameworks",
				);
				PRODUCT_BUNDLE_IDENTIFIER = com.company.DemoSwiftUITests;
				PRODUCT_NAME = "$(TARGET_NAME)";
				SWIFT_VERSION = 5.0;
				TARGETED_DEVICE_FAMILY = "1,2";
				TEST_HOST = "$(BUILT_PRODUCTS_DIR)/DemoSwiftUI.app/DemoSwiftUI";
			};
			name = Release;
		};
		F5F4433B23EF026F00EDF749 /* Debug */ = {
			isa = XCBuildConfiguration;
			buildSettings = {
				ALWAYS_EMBED_SWIFT_STANDARD_LIBRARIES = YES;
				CODE_SIGN_STYLE = Automatic;
				INFOPLIST_FILE = DemoSwiftUIUITests/Info.plist;
				LD_RUNPATH_SEARCH_PATHS = (
					"$(inherited)",
					"@executable_path/Frameworks",
					"@loader_path/Frameworks",
				);
				PRODUCT_BUNDLE_IDENTIFIER = com.company.DemoSwiftUIUITests;
				PRODUCT_NAME = "$(TARGET_NAME)";
				SWIFT_VERSION = 5.0;
				TARGETED_DEVICE_FAMILY = "1,2";
				TEST_TARGET_NAME = DemoSwiftUI;
			};
			name = Debug;
		};
		F5F4433C23EF026F00EDF749 /* Release */ = {
			isa = XCBuildConfiguration;
			buildSettings = {
				ALWAYS_EMBED_SWIFT_STANDARD_LIBRARIES = YES;
				CODE_SIGN_STYLE = Automatic;
				INFOPLIST_FILE = DemoSwiftUIUITests/Info.plist;
				LD_RUNPATH_SEARCH_PATHS = (
					"$(inherited)",
					"@executable_path/Frameworks",
					"@loader_path/Frameworks",
				);
				PRODUCT_BUNDLE_IDENTIFIER = com.company.DemoSwiftUIUITests;
				PRODUCT_NAME = "$(TARGET_NAME)";
				SWIFT_VERSION = 5.0;
				TARGETED_DEVICE_FAMILY = "1,2";
				TEST_TARGET_NAME = DemoSwiftUI;
			};
			name = Release;
		};
/* End XCBuildConfiguration section */

/* Begin XCConfigurationList section */
		F5F4430223EF026200EDF749 /* Build configuration list for PBXProject "DemoSwiftUI" */ = {
			isa = XCConfigurationList;
			buildConfigurations = (
				F5F4433223EF026F00EDF749 /* Debug */,
				F5F4433323EF026F00EDF749 /* Release */,
			);
			defaultConfigurationIsVisible = 0;
			defaultConfigurationName = Release;
		};
		F5F4433423EF026F00EDF749 /* Build configuration list for PBXNativeTarget "DemoSwiftUI" */ = {
			isa = XCConfigurationList;
			buildConfigurations = (
				F5F4433523EF026F00EDF749 /* Debug */,
				F5F4433623EF026F00EDF749 /* Release */,
			);
			defaultConfigurationIsVisible = 0;
			defaultConfigurationName = Release;
		};
		F5F4433723EF026F00EDF749 /* Build configuration list for PBXNativeTarget "DemoSwiftUITests" */ = {
			isa = XCConfigurationList;
			buildConfigurations = (
				F5F4433823EF026F00EDF749 /* Debug */,
				F5F4433923EF026F00EDF749 /* Release */,
			);
			defaultConfigurationIsVisible = 0;
			defaultConfigurationName = Release;
		};
		F5F4433A23EF026F00EDF749 /* Build configuration list for PBXNativeTarget "DemoSwiftUIUITests" */ = {
			isa = XCConfigurationList;
			buildConfigurations = (
				F5F4433B23EF026F00EDF749 /* Debug */,
				F5F4433C23EF026F00EDF749 /* Release */,
			);
			defaultConfigurationIsVisible = 0;
			defaultConfigurationName = Release;
		};
/* End XCConfigurationList section */

/* Begin XCVersionGroup section */
		F5F4430E23EF026300EDF749 /* DemoSwiftUI.xcdatamodeld */ = {
			isa = XCVersionGroup;
			children = (
				F5F4430F23EF026300EDF749 /* DemoSwiftUI.xcdatamodel */,
			);
			currentVersion = F5F4430F23EF026300EDF749 /* DemoSwiftUI.xcdatamodel */;
			path = DemoSwiftUI.xcdatamodeld;
			sourceTree = "<group>";
			versionGroupType = wrapper.xcdatamodel;
		};
/* End XCVersionGroup section */
	};
	rootObject = F5F442FF23EF026200EDF749 /* Project object */;
}
